
Microsoft Visual Studio Solution File, Format Version 12.00
# Visual Studio Version 17
VisualStudioVersion = 17.11.35327.3
MinimumVisualStudioVersion = 10.0.40219.1
Project("{8BC9CEB8-8B4A-11D0-8D11-00A0C91BC942}") = "EnginePlatform", "EnginePlatform\EnginePlatform.vcxproj", "{D4D673BD-9875-42EB-9F16-63F134E66ECA}"
	ProjectSection(ProjectDependencies) = postProject
		{327CE344-1989-467D-8480-9859CE5DCEAB} = {327CE344-1989-467D-8480-9859CE5DCEAB}
	EndProjectSection
EndProject
Project("{8BC9CEB8-8B4A-11D0-8D11-00A0C91BC942}") = "EngineCore", "EngineCore\EngineCore.vcxproj", "{22D35EB2-3C87-483B-9CBA-047312989B3A}"
	ProjectSection(ProjectDependencies) = postProject
		{327CE344-1989-467D-8480-9859CE5DCEAB} = {327CE344-1989-467D-8480-9859CE5DCEAB}
		{D4D673BD-9875-42EB-9F16-63F134E66ECA} = {D4D673BD-9875-42EB-9F16-63F134E66ECA}
	EndProjectSection
EndProject
Project("{8BC9CEB8-8B4A-11D0-8D11-00A0C91BC942}") = "EngineBase", "EngineBase\EngineBase.vcxproj", "{327CE344-1989-467D-8480-9859CE5DCEAB}"
EndProject
Project("{8BC9CEB8-8B4A-11D0-8D11-00A0C91BC942}") = "APP", "APP\APP.vcxproj", "{97F39824-AB07-486E-B1B5-204E845520B5}"
	ProjectSection(ProjectDependencies) = postProject
		{22D35EB2-3C87-483B-9CBA-047312989B3A} = {22D35EB2-3C87-483B-9CBA-047312989B3A}
		{2729BED6-A9B0-480F-8C93-E003A582A16B} = {2729BED6-A9B0-480F-8C93-E003A582A16B}
		{327CE344-1989-467D-8480-9859CE5DCEAB} = {327CE344-1989-467D-8480-9859CE5DCEAB}
		{D4D673BD-9875-42EB-9F16-63F134E66ECA} = {D4D673BD-9875-42EB-9F16-63F134E66ECA}
	EndProjectSection
EndProject
Project("{2150E333-8FDC-42A3-9474-1A3956D46DE8}") = "00", "00", "{A357AB77-8D18-41CB-BA0D-3395E126C151}"
EndProject
Project("{2150E333-8FDC-42A3-9474-1A3956D46DE8}") = "01", "01", "{7C2B322B-99A0-4EC9-BF9A-5FF83EB163A3}"
EndProject
Project("{2150E333-8FDC-42A3-9474-1A3956D46DE8}") = "02", "02", "{825C9EF0-5186-49AF-B3D3-5D12D6B32042}"
EndProject
Project("{2150E333-8FDC-42A3-9474-1A3956D46DE8}") = "03", "03", "{06481416-21FF-4B5C-A9BE-C3DD0C6275C7}"
EndProject
Project("{2150E333-8FDC-42A3-9474-1A3956D46DE8}") = "04", "04", "{177DCD80-40A7-4C53-9E17-3EBDFAFD2F0F}"
EndProject
Project("{8BC9CEB8-8B4A-11D0-8D11-00A0C91BC942}") = "ContentsForTest", "ContentsForTest\ContentsForTest.vcxproj", "{2729BED6-A9B0-480F-8C93-E003A582A16B}"
	ProjectSection(ProjectDependencies) = postProject
		{22D35EB2-3C87-483B-9CBA-047312989B3A} = {22D35EB2-3C87-483B-9CBA-047312989B3A}
		{327CE344-1989-467D-8480-9859CE5DCEAB} = {327CE344-1989-467D-8480-9859CE5DCEAB}
		{D4D673BD-9875-42EB-9F16-63F134E66ECA} = {D4D673BD-9875-42EB-9F16-63F134E66ECA}
	EndProjectSection
EndProject
Project("{8BC9CEB8-8B4A-11D0-8D11-00A0C91BC942}") = "ShaderForTest", "ShaderForTest\ShaderForTest.vcxproj", "{61DF6718-69EB-486D-A1DB-C03719729988}"
EndProject
Global
	GlobalSection(SolutionConfigurationPlatforms) = preSolution
		Debug|x64 = Debug|x64
		Debug|x86 = Debug|x86
		Release|x64 = Release|x64
		Release|x86 = Release|x86
	EndGlobalSection
	GlobalSection(ProjectConfigurationPlatforms) = postSolution
		{D4D673BD-9875-42EB-9F16-63F134E66ECA}.Debug|x64.ActiveCfg = Debug|x64
		{D4D673BD-9875-42EB-9F16-63F134E66ECA}.Debug|x64.Build.0 = Debug|x64
		{D4D673BD-9875-42EB-9F16-63F134E66ECA}.Debug|x86.ActiveCfg = Debug|Win32
		{D4D673BD-9875-42EB-9F16-63F134E66ECA}.Debug|x86.Build.0 = Debug|Win32
		{D4D673BD-9875-42EB-9F16-63F134E66ECA}.Release|x64.ActiveCfg = Release|x64
		{D4D673BD-9875-42EB-9F16-63F134E66ECA}.Release|x64.Build.0 = Release|x64
		{D4D673BD-9875-42EB-9F16-63F134E66ECA}.Release|x86.ActiveCfg = Release|Win32
		{D4D673BD-9875-42EB-9F16-63F134E66ECA}.Release|x86.Build.0 = Release|Win32
		{22D35EB2-3C87-483B-9CBA-047312989B3A}.Debug|x64.ActiveCfg = Debug|x64
		{22D35EB2-3C87-483B-9CBA-047312989B3A}.Debug|x64.Build.0 = Debug|x64
		{22D35EB2-3C87-483B-9CBA-047312989B3A}.Debug|x86.ActiveCfg = Debug|Win32
		{22D35EB2-3C87-483B-9CBA-047312989B3A}.Debug|x86.Build.0 = Debug|Win32
		{22D35EB2-3C87-483B-9CBA-047312989B3A}.Release|x64.ActiveCfg = Release|x64
		{22D35EB2-3C87-483B-9CBA-047312989B3A}.Release|x64.Build.0 = Release|x64
		{22D35EB2-3C87-483B-9CBA-047312989B3A}.Release|x86.ActiveCfg = Release|Win32
		{22D35EB2-3C87-483B-9CBA-047312989B3A}.Release|x86.Build.0 = Release|Win32
		{327CE344-1989-467D-8480-9859CE5DCEAB}.Debug|x64.ActiveCfg = Debug|x64
		{327CE344-1989-467D-8480-9859CE5DCEAB}.Debug|x64.Build.0 = Debug|x64
		{327CE344-1989-467D-8480-9859CE5DCEAB}.Debug|x86.ActiveCfg = Debug|Win32
		{327CE344-1989-467D-8480-9859CE5DCEAB}.Debug|x86.Build.0 = Debug|Win32
		{327CE344-1989-467D-8480-9859CE5DCEAB}.Release|x64.ActiveCfg = Release|x64
		{327CE344-1989-467D-8480-9859CE5DCEAB}.Release|x64.Build.0 = Release|x64
		{327CE344-1989-467D-8480-9859CE5DCEAB}.Release|x86.ActiveCfg = Release|Win32
		{327CE344-1989-467D-8480-9859CE5DCEAB}.Release|x86.Build.0 = Release|Win32
		{97F39824-AB07-486E-B1B5-204E845520B5}.Debug|x64.ActiveCfg = Debug|x64
		{97F39824-AB07-486E-B1B5-204E845520B5}.Debug|x64.Build.0 = Debug|x64
		{97F39824-AB07-486E-B1B5-204E845520B5}.Debug|x86.ActiveCfg = Debug|Win32
		{97F39824-AB07-486E-B1B5-204E845520B5}.Debug|x86.Build.0 = Debug|Win32
		{97F39824-AB07-486E-B1B5-204E845520B5}.Release|x64.ActiveCfg = Release|x64
		{97F39824-AB07-486E-B1B5-204E845520B5}.Release|x64.Build.0 = Release|x64
		{97F39824-AB07-486E-B1B5-204E845520B5}.Release|x86.ActiveCfg = Release|Win32
		{97F39824-AB07-486E-B1B5-204E845520B5}.Release|x86.Build.0 = Release|Win32
		{2729BED6-A9B0-480F-8C93-E003A582A16B}.Debug|x64.ActiveCfg = Debug|x64
		{2729BED6-A9B0-480F-8C93-E003A582A16B}.Debug|x64.Build.0 = Debug|x64
		{2729BED6-A9B0-480F-8C93-E003A582A16B}.Debug|x86.ActiveCfg = Debug|Win32
		{2729BED6-A9B0-480F-8C93-E003A582A16B}.Debug|x86.Build.0 = Debug|Win32
		{2729BED6-A9B0-480F-8C93-E003A582A16B}.Release|x64.ActiveCfg = Release|x64
		{2729BED6-A9B0-480F-8C93-E003A582A16B}.Release|x64.Build.0 = Release|x64
		{2729BED6-A9B0-480F-8C93-E003A582A16B}.Release|x86.ActiveCfg = Release|Win32
		{2729BED6-A9B0-480F-8C93-E003A582A16B}.Release|x86.Build.0 = Release|Win32
		{61DF6718-69EB-486D-A1DB-C03719729988}.Debug|x64.ActiveCfg = Debug|x64
		{61DF6718-69EB-486D-A1DB-C03719729988}.Debug|x64.Build.0 = Debug|x64
		{61DF6718-69EB-486D-A1DB-C03719729988}.Debug|x86.ActiveCfg = Debug|Win32
		{61DF6718-69EB-486D-A1DB-C03719729988}.Debug|x86.Build.0 = Debug|Win32
		{61DF6718-69EB-486D-A1DB-C03719729988}.Release|x64.ActiveCfg = Release|x64
		{61DF6718-69EB-486D-A1DB-C03719729988}.Release|x64.Build.0 = Release|x64
		{61DF6718-69EB-486D-A1DB-C03719729988}.Release|x86.ActiveCfg = Release|Win32
		{61DF6718-69EB-486D-A1DB-C03719729988}.Release|x86.Build.0 = Release|Win32
	EndGlobalSection
	GlobalSection(SolutionProperties) = preSolution
		HideSolutionNode = FALSE
	EndGlobalSection
	GlobalSection(NestedProjects) = preSolution
		{D4D673BD-9875-42EB-9F16-63F134E66ECA} = {7C2B322B-99A0-4EC9-BF9A-5FF83EB163A3}
		{22D35EB2-3C87-483B-9CBA-047312989B3A} = {825C9EF0-5186-49AF-B3D3-5D12D6B32042}
		{327CE344-1989-467D-8480-9859CE5DCEAB} = {A357AB77-8D18-41CB-BA0D-3395E126C151}
		{97F39824-AB07-486E-B1B5-204E845520B5} = {177DCD80-40A7-4C53-9E17-3EBDFAFD2F0F}
		{2729BED6-A9B0-480F-8C93-E003A582A16B} = {06481416-21FF-4B5C-A9BE-C3DD0C6275C7}
		{61DF6718-69EB-486D-A1DB-C03719729988} = {06481416-21FF-4B5C-A9BE-C3DD0C6275C7}
	EndGlobalSection
	GlobalSection(ExtensibilityGlobals) = postSolution
		SolutionGuid = {DF51BF2A-716E-444F-81C3-4225ACFD2A85}
	EndGlobalSection
EndGlobal
